
Microsoft Visual Studio Solution File, Format Version 12.00
# Visual Studio Version 16
VisualStudioVersion = 16.0.29521.150
MinimumVisualStudioVersion = 10.0.40219.1
Project("{2150E333-8FDC-42A3-9474-1A3956D46DE8}") = "src", "src", "{33997DC9-84AA-47E3-BEB5-C418065DC503}"
EndProject
Project("{2150E333-8FDC-42A3-9474-1A3956D46DE8}") = "Solution Items", "Solution Items", "{42E32377-5505-45FD-81C2-5BAAE2058B79}"
	ProjectSection(SolutionItems) = preProject
		Directory.Build.props = Directory.Build.props
		README.md = README.md
	EndProjectSection
EndProject
Project("{2150E333-8FDC-42A3-9474-1A3956D46DE8}") = "aad", "aad", "{D3897BD8-101D-4194-8F4D-80B66A0F0845}"
EndProject
Project("{9A19103F-16F7-4668-BE54-9A1E7A4F7556}") = "Client", "BlazorWasmGrpcWithAADAuth\Client\Client.csproj", "{F6C81AF0-F115-4666-8ACD-A10C364CF146}"
EndProject
Project("{9A19103F-16F7-4668-BE54-9A1E7A4F7556}") = "Server", "BlazorWasmGrpcWithAADAuth\Server\Server.csproj", "{07D90EF0-4C39-41C6-A5B8-EB9B895A3DC4}"
EndProject
Project("{9A19103F-16F7-4668-BE54-9A1E7A4F7556}") = "Shared", "BlazorWasmGrpcWithAADAuth\Shared\Shared.csproj", "{32D6A553-F3D2-4099-9C7B-F003B5DE4AE2}"
EndProject
Project("{9A19103F-16F7-4668-BE54-9A1E7A4F7556}") = "Client.Authentication", "BlazorWasmGrpcWithAADAuth\Client.Authentication\Client.Authentication.csproj", "{7C29CCC0-1C20-4763-9CE2-D4AEFA3170CB}"
EndProject
Project("{9A19103F-16F7-4668-BE54-9A1E7A4F7556}") = "Client.Grpc", "BlazorWasmGrpcWithAADAuth\Client.Grpc\Client.Grpc.csproj", "{AEE2D8EB-42C3-4889-A884-99BDB02B4C45}"
EndProject
Project("{9A19103F-16F7-4668-BE54-9A1E7A4F7556}") = "Server.Grpc", "BlazorWasmGrpcWithAADAuth\Server.Grpc\Server.Grpc.csproj", "{F33959BC-C997-413D-98FB-EA958F361A73}"
EndProject
Project("{2150E333-8FDC-42A3-9474-1A3956D46DE8}") = "aad2", "aad2", "{82E61007-CFC7-4B60-9EC8-500860CEC3B0}"
EndProject
Project("{9A19103F-16F7-4668-BE54-9A1E7A4F7556}") = "Server", "BlazorWasmGrpcWithAADAuth2\Server\Server.csproj", "{5DB464AE-AF1C-4CE4-AF79-786FA79E9004}"
EndProject
Global
	GlobalSection(SolutionConfigurationPlatforms) = preSolution
		Debug|Any CPU = Debug|Any CPU
		Release|Any CPU = Release|Any CPU
	EndGlobalSection
	GlobalSection(ProjectConfigurationPlatforms) = postSolution
		{F6C81AF0-F115-4666-8ACD-A10C364CF146}.Debug|Any CPU.ActiveCfg = Debug|Any CPU
		{F6C81AF0-F115-4666-8ACD-A10C364CF146}.Debug|Any CPU.Build.0 = Debug|Any CPU
		{F6C81AF0-F115-4666-8ACD-A10C364CF146}.Release|Any CPU.ActiveCfg = Release|Any CPU
		{F6C81AF0-F115-4666-8ACD-A10C364CF146}.Release|Any CPU.Build.0 = Release|Any CPU
		{07D90EF0-4C39-41C6-A5B8-EB9B895A3DC4}.Debug|Any CPU.ActiveCfg = Debug|Any CPU
		{07D90EF0-4C39-41C6-A5B8-EB9B895A3DC4}.Debug|Any CPU.Build.0 = Debug|Any CPU
		{07D90EF0-4C39-41C6-A5B8-EB9B895A3DC4}.Release|Any CPU.ActiveCfg = Release|Any CPU
		{07D90EF0-4C39-41C6-A5B8-EB9B895A3DC4}.Release|Any CPU.Build.0 = Release|Any CPU
		{32D6A553-F3D2-4099-9C7B-F003B5DE4AE2}.Debug|Any CPU.ActiveCfg = Debug|Any CPU
		{32D6A553-F3D2-4099-9C7B-F003B5DE4AE2}.Debug|Any CPU.Build.0 = Debug|Any CPU
		{32D6A553-F3D2-4099-9C7B-F003B5DE4AE2}.Release|Any CPU.ActiveCfg = Release|Any CPU
		{32D6A553-F3D2-4099-9C7B-F003B5DE4AE2}.Release|Any CPU.Build.0 = Release|Any CPU
		{7C29CCC0-1C20-4763-9CE2-D4AEFA3170CB}.Debug|Any CPU.ActiveCfg = Debug|Any CPU
		{7C29CCC0-1C20-4763-9CE2-D4AEFA3170CB}.Debug|Any CPU.Build.0 = Debug|Any CPU
		{7C29CCC0-1C20-4763-9CE2-D4AEFA3170CB}.Release|Any CPU.ActiveCfg = Release|Any CPU
		{7C29CCC0-1C20-4763-9CE2-D4AEFA3170CB}.Release|Any CPU.Build.0 = Release|Any CPU
		{AEE2D8EB-42C3-4889-A884-99BDB02B4C45}.Debug|Any CPU.ActiveCfg = Debug|Any CPU
		{AEE2D8EB-42C3-4889-A884-99BDB02B4C45}.Debug|Any CPU.Build.0 = Debug|Any CPU
		{AEE2D8EB-42C3-4889-A884-99BDB02B4C45}.Release|Any CPU.ActiveCfg = Release|Any CPU
		{AEE2D8EB-42C3-4889-A884-99BDB02B4C45}.Release|Any CPU.Build.0 = Release|Any CPU
		{F33959BC-C997-413D-98FB-EA958F361A73}.Debug|Any CPU.ActiveCfg = Debug|Any CPU
		{F33959BC-C997-413D-98FB-EA958F361A73}.Debug|Any CPU.Build.0 = Debug|Any CPU
		{F33959BC-C997-413D-98FB-EA958F361A73}.Release|Any CPU.ActiveCfg = Release|Any CPU
		{F33959BC-C997-413D-98FB-EA958F361A73}.Release|Any CPU.Build.0 = Release|Any CPU
		{5DB464AE-AF1C-4CE4-AF79-786FA79E9004}.Debug|Any CPU.ActiveCfg = Debug|Any CPU
		{5DB464AE-AF1C-4CE4-AF79-786FA79E9004}.Debug|Any CPU.Build.0 = Debug|Any CPU
		{5DB464AE-AF1C-4CE4-AF79-786FA79E9004}.Release|Any CPU.ActiveCfg = Release|Any CPU
		{5DB464AE-AF1C-4CE4-AF79-786FA79E9004}.Release|Any CPU.Build.0 = Release|Any CPU
	EndGlobalSection
	GlobalSection(SolutionProperties) = preSolution
		HideSolutionNode = FALSE
	EndGlobalSection
	GlobalSection(NestedProjects) = preSolution
		{F6C81AF0-F115-4666-8ACD-A10C364CF146} = {D3897BD8-101D-4194-8F4D-80B66A0F0845}
		{07D90EF0-4C39-41C6-A5B8-EB9B895A3DC4} = {D3897BD8-101D-4194-8F4D-80B66A0F0845}
		{32D6A553-F3D2-4099-9C7B-F003B5DE4AE2} = {D3897BD8-101D-4194-8F4D-80B66A0F0845}
		{7C29CCC0-1C20-4763-9CE2-D4AEFA3170CB} = {D3897BD8-101D-4194-8F4D-80B66A0F0845}
		{AEE2D8EB-42C3-4889-A884-99BDB02B4C45} = {D3897BD8-101D-4194-8F4D-80B66A0F0845}
		{F33959BC-C997-413D-98FB-EA958F361A73} = {D3897BD8-101D-4194-8F4D-80B66A0F0845}
		{5DB464AE-AF1C-4CE4-AF79-786FA79E9004} = {82E61007-CFC7-4B60-9EC8-500860CEC3B0}
	EndGlobalSection
	GlobalSection(ExtensibilityGlobals) = postSolution
		SolutionGuid = {95736335-0C8B-4FDA-8722-E08046339B83}
	EndGlobalSection
EndGlobal
